
Microsoft Visual Studio Solution File, Format Version 12.00
Project("{FAE04EC0-301F-11D3-BF4B-00C04F79EFBC}") = "Aoc2019-Day01", "Aoc2019-Day01\Aoc2019-Day01.csproj", "{4268FC51-3FF8-4506-A2A8-2C600D0064AB}"
EndProject
Project("{FAE04EC0-301F-11D3-BF4B-00C04F79EFBC}") = "Aoc2019-Day02", "Aoc2019-Day02\Aoc2019-Day02.csproj", "{CC5B9620-5429-418A-B58E-9BFCF60F5D8E}"
EndProject
Project("{FAE04EC0-301F-11D3-BF4B-00C04F79EFBC}") = "Aoc2019-Day03", "Aoc2019-Day03\Aoc2019-Day03.csproj", "{B8BE5DB5-E3F6-4A31-ACAE-67E137D6A1F3}"
EndProject
Project("{FAE04EC0-301F-11D3-BF4B-00C04F79EFBC}") = "Aoc2019-Day04", "Aoc2019-Day04\Aoc2019-Day04.csproj", "{233CB7AA-20CC-4185-B300-F24A0199FEBB}"
EndProject
Project("{FAE04EC0-301F-11D3-BF4B-00C04F79EFBC}") = "Aoc2019-Day05", "Aoc2019-Day05\Aoc2019-Day05.csproj", "{1EC697AF-13C6-42EC-B25B-1382CF263C32}"
EndProject
Project("{FAE04EC0-301F-11D3-BF4B-00C04F79EFBC}") = "Aoc2019-Day06", "Aoc2019-Day06\Aoc2019-Day06.csproj", "{5AE4DE1A-91A1-43D4-BF0F-DCAB57296A73}"
EndProject
Project("{FAE04EC0-301F-11D3-BF4B-00C04F79EFBC}") = "Aoc2019-Day07", "Aoc2019-Day07\Aoc2019-Day07.csproj", "{DA3D3AE2-FB62-4E83-84C6-0F07A116818C}"
EndProject
Project("{FAE04EC0-301F-11D3-BF4B-00C04F79EFBC}") = "Aoc2019-Day08", "Aoc2019-Day08\Aoc2019-Day08.csproj", "{6FDE83D9-7D0C-43DD-92EA-AF475B2690BB}"
EndProject
Project("{FAE04EC0-301F-11D3-BF4B-00C04F79EFBC}") = "Aoc2019-Day09", "Aoc2019-Day09\Aoc2019-Day09.csproj", "{C0A52625-0DB0-413D-93E2-13CF2BEF03D5}"
EndProject
Project("{FAE04EC0-301F-11D3-BF4B-00C04F79EFBC}") = "Aoc2019-Day10", "Aoc2019-Day10\Aoc2019-Day10.csproj", "{0D8AAE64-5550-4F55-93F4-5B778D65D9F1}"
EndProject
Project("{FAE04EC0-301F-11D3-BF4B-00C04F79EFBC}") = "Aoc2019-Day11", "Aoc2019-Day11\Aoc2019-Day11.csproj", "{9DC79D53-6A22-4921-B7E4-B98AAD584F00}"
EndProject
Project("{FAE04EC0-301F-11D3-BF4B-00C04F79EFBC}") = "Aoc2019-Day12", "Aoc2019-Day12\Aoc2019-Day12.csproj", "{B51FEF7E-0690-4FB8-914D-83F5C407AE39}"
EndProject
Project("{FAE04EC0-301F-11D3-BF4B-00C04F79EFBC}") = "Aoc2019-Day13", "Aoc2019-Day13\Aoc2019-Day13.csproj", "{821343F2-424C-4E87-A6B7-05DF22A68B4E}"
EndProject
Project("{FAE04EC0-301F-11D3-BF4B-00C04F79EFBC}") = "Aoc2019-Day14", "Aoc2019-Day14\Aoc2019-Day14.csproj", "{7D4369FA-444D-4F30-92DD-DE46F86CF0F6}"
EndProject
Project("{FAE04EC0-301F-11D3-BF4B-00C04F79EFBC}") = "Aoc2019-Day15", "Aoc2019-Day15\Aoc2019-Day15.csproj", "{D9C7804D-4D8B-47DC-A954-2A7A3263D08B}"
EndProject
Project("{FAE04EC0-301F-11D3-BF4B-00C04F79EFBC}") = "Aoc2019-Day16", "Aoc2019-Day16\Aoc2019-Day16.csproj", "{9CADD481-92C9-473E-9B75-833BBB658259}"
EndProject
Project("{FAE04EC0-301F-11D3-BF4B-00C04F79EFBC}") = "Aoc2019-Day17", "Aoc2019-Day17\Aoc2019-Day17.csproj", "{DC41E7D8-34CD-43DC-8BB4-3D8080039519}"
EndProject
Project("{FAE04EC0-301F-11D3-BF4B-00C04F79EFBC}") = "Aoc2019-Day18", "Aoc2019-Day18\Aoc2019-Day18.csproj", "{8D80C722-D082-4E9C-9E68-B8880238296A}"
EndProject
Project("{FAE04EC0-301F-11D3-BF4B-00C04F79EFBC}") = "Aoc2019-Day19", "Aoc2019-Day19\Aoc2019-Day19.csproj", "{E25F0544-9599-46DF-97DE-9D3B3972D13D}"
EndProject
Project("{FAE04EC0-301F-11D3-BF4B-00C04F79EFBC}") = "Aoc2019-Day20", "Aoc2019-Day20\Aoc2019-Day20.csproj", "{FA4CC392-70AD-471C-8BC9-A7403C692D0E}"
EndProject
Project("{FAE04EC0-301F-11D3-BF4B-00C04F79EFBC}") = "Aoc2019-Day21", "Aoc2019-Day21\Aoc2019-Day21.csproj", "{7CB31D6D-132E-4A42-80E1-786585C2921A}"
EndProject
Project("{FAE04EC0-301F-11D3-BF4B-00C04F79EFBC}") = "Aoc2019-Day22", "Aoc2019-Day22\Aoc2019-Day22.csproj", "{091DA0FC-913C-450E-822E-FD217E977EBB}"
EndProject
Project("{FAE04EC0-301F-11D3-BF4B-00C04F79EFBC}") = "Aoc2019-Day23", "Aoc2019-Day23\Aoc2019-Day23.csproj", "{9F829023-324E-4FBE-8A95-E36912BB8F7D}"
EndProject
Project("{FAE04EC0-301F-11D3-BF4B-00C04F79EFBC}") = "Aoc2019-Day24", "Aoc2019-Day24\Aoc2019-Day24.csproj", "{2EC50672-4EE8-4A62-BF3C-F524B805DA03}"
EndProject
Project("{FAE04EC0-301F-11D3-BF4B-00C04F79EFBC}") = "Aoc2019-Day25", "Aoc2019-Day25\Aoc2019-Day25.csproj", "{164DBAE8-6E33-4F93-AD75-611F8DE0EF3A}"
EndProject
Global
	GlobalSection(SolutionConfigurationPlatforms) = preSolution
		Debug|Any CPU = Debug|Any CPU
		Release|Any CPU = Release|Any CPU
	EndGlobalSection
	GlobalSection(ProjectConfigurationPlatforms) = postSolution
		{4268FC51-3FF8-4506-A2A8-2C600D0064AB}.Debug|Any CPU.ActiveCfg = Debug|Any CPU
		{4268FC51-3FF8-4506-A2A8-2C600D0064AB}.Debug|Any CPU.Build.0 = Debug|Any CPU
		{4268FC51-3FF8-4506-A2A8-2C600D0064AB}.Release|Any CPU.ActiveCfg = Release|Any CPU
		{4268FC51-3FF8-4506-A2A8-2C600D0064AB}.Release|Any CPU.Build.0 = Release|Any CPU
		{CC5B9620-5429-418A-B58E-9BFCF60F5D8E}.Debug|Any CPU.ActiveCfg = Debug|Any CPU
		{CC5B9620-5429-418A-B58E-9BFCF60F5D8E}.Debug|Any CPU.Build.0 = Debug|Any CPU
		{CC5B9620-5429-418A-B58E-9BFCF60F5D8E}.Release|Any CPU.ActiveCfg = Release|Any CPU
		{CC5B9620-5429-418A-B58E-9BFCF60F5D8E}.Release|Any CPU.Build.0 = Release|Any CPU
		{B8BE5DB5-E3F6-4A31-ACAE-67E137D6A1F3}.Debug|Any CPU.ActiveCfg = Debug|Any CPU
		{B8BE5DB5-E3F6-4A31-ACAE-67E137D6A1F3}.Debug|Any CPU.Build.0 = Debug|Any CPU
		{B8BE5DB5-E3F6-4A31-ACAE-67E137D6A1F3}.Release|Any CPU.ActiveCfg = Release|Any CPU
		{B8BE5DB5-E3F6-4A31-ACAE-67E137D6A1F3}.Release|Any CPU.Build.0 = Release|Any CPU
		{233CB7AA-20CC-4185-B300-F24A0199FEBB}.Debug|Any CPU.ActiveCfg = Debug|Any CPU
		{233CB7AA-20CC-4185-B300-F24A0199FEBB}.Debug|Any CPU.Build.0 = Debug|Any CPU
		{233CB7AA-20CC-4185-B300-F24A0199FEBB}.Release|Any CPU.ActiveCfg = Release|Any CPU
		{233CB7AA-20CC-4185-B300-F24A0199FEBB}.Release|Any CPU.Build.0 = Release|Any CPU
		{1EC697AF-13C6-42EC-B25B-1382CF263C32}.Debug|Any CPU.ActiveCfg = Debug|Any CPU
		{1EC697AF-13C6-42EC-B25B-1382CF263C32}.Debug|Any CPU.Build.0 = Debug|Any CPU
		{1EC697AF-13C6-42EC-B25B-1382CF263C32}.Release|Any CPU.ActiveCfg = Release|Any CPU
		{1EC697AF-13C6-42EC-B25B-1382CF263C32}.Release|Any CPU.Build.0 = Release|Any CPU
		{5AE4DE1A-91A1-43D4-BF0F-DCAB57296A73}.Debug|Any CPU.ActiveCfg = Debug|Any CPU
		{5AE4DE1A-91A1-43D4-BF0F-DCAB57296A73}.Debug|Any CPU.Build.0 = Debug|Any CPU
		{5AE4DE1A-91A1-43D4-BF0F-DCAB57296A73}.Release|Any CPU.ActiveCfg = Release|Any CPU
		{5AE4DE1A-91A1-43D4-BF0F-DCAB57296A73}.Release|Any CPU.Build.0 = Release|Any CPU
		{DA3D3AE2-FB62-4E83-84C6-0F07A116818C}.Debug|Any CPU.ActiveCfg = Debug|Any CPU
		{DA3D3AE2-FB62-4E83-84C6-0F07A116818C}.Debug|Any CPU.Build.0 = Debug|Any CPU
		{DA3D3AE2-FB62-4E83-84C6-0F07A116818C}.Release|Any CPU.ActiveCfg = Release|Any CPU
		{DA3D3AE2-FB62-4E83-84C6-0F07A116818C}.Release|Any CPU.Build.0 = Release|Any CPU
		{6FDE83D9-7D0C-43DD-92EA-AF475B2690BB}.Debug|Any CPU.ActiveCfg = Debug|Any CPU
		{6FDE83D9-7D0C-43DD-92EA-AF475B2690BB}.Debug|Any CPU.Build.0 = Debug|Any CPU
		{6FDE83D9-7D0C-43DD-92EA-AF475B2690BB}.Release|Any CPU.ActiveCfg = Release|Any CPU
		{6FDE83D9-7D0C-43DD-92EA-AF475B2690BB}.Release|Any CPU.Build.0 = Release|Any CPU
		{C0A52625-0DB0-413D-93E2-13CF2BEF03D5}.Debug|Any CPU.ActiveCfg = Debug|Any CPU
		{C0A52625-0DB0-413D-93E2-13CF2BEF03D5}.Debug|Any CPU.Build.0 = Debug|Any CPU
		{C0A52625-0DB0-413D-93E2-13CF2BEF03D5}.Release|Any CPU.ActiveCfg = Release|Any CPU
		{C0A52625-0DB0-413D-93E2-13CF2BEF03D5}.Release|Any CPU.Build.0 = Release|Any CPU
		{0D8AAE64-5550-4F55-93F4-5B778D65D9F1}.Debug|Any CPU.ActiveCfg = Debug|Any CPU
		{0D8AAE64-5550-4F55-93F4-5B778D65D9F1}.Debug|Any CPU.Build.0 = Debug|Any CPU
		{0D8AAE64-5550-4F55-93F4-5B778D65D9F1}.Release|Any CPU.ActiveCfg = Release|Any CPU
		{0D8AAE64-5550-4F55-93F4-5B778D65D9F1}.Release|Any CPU.Build.0 = Release|Any CPU
		{9DC79D53-6A22-4921-B7E4-B98AAD584F00}.Debug|Any CPU.ActiveCfg = Debug|Any CPU
		{9DC79D53-6A22-4921-B7E4-B98AAD584F00}.Debug|Any CPU.Build.0 = Debug|Any CPU
		{9DC79D53-6A22-4921-B7E4-B98AAD584F00}.Release|Any CPU.ActiveCfg = Release|Any CPU
		{9DC79D53-6A22-4921-B7E4-B98AAD584F00}.Release|Any CPU.Build.0 = Release|Any CPU
		{B51FEF7E-0690-4FB8-914D-83F5C407AE39}.Debug|Any CPU.ActiveCfg = Debug|Any CPU
		{B51FEF7E-0690-4FB8-914D-83F5C407AE39}.Debug|Any CPU.Build.0 = Debug|Any CPU
		{B51FEF7E-0690-4FB8-914D-83F5C407AE39}.Release|Any CPU.ActiveCfg = Release|Any CPU
		{B51FEF7E-0690-4FB8-914D-83F5C407AE39}.Release|Any CPU.Build.0 = Release|Any CPU
		{821343F2-424C-4E87-A6B7-05DF22A68B4E}.Debug|Any CPU.ActiveCfg = Debug|Any CPU
		{821343F2-424C-4E87-A6B7-05DF22A68B4E}.Debug|Any CPU.Build.0 = Debug|Any CPU
		{821343F2-424C-4E87-A6B7-05DF22A68B4E}.Release|Any CPU.ActiveCfg = Release|Any CPU
		{821343F2-424C-4E87-A6B7-05DF22A68B4E}.Release|Any CPU.Build.0 = Release|Any CPU
		{7D4369FA-444D-4F30-92DD-DE46F86CF0F6}.Debug|Any CPU.ActiveCfg = Debug|Any CPU
		{7D4369FA-444D-4F30-92DD-DE46F86CF0F6}.Debug|Any CPU.Build.0 = Debug|Any CPU
		{7D4369FA-444D-4F30-92DD-DE46F86CF0F6}.Release|Any CPU.ActiveCfg = Release|Any CPU
		{7D4369FA-444D-4F30-92DD-DE46F86CF0F6}.Release|Any CPU.Build.0 = Release|Any CPU
		{D9C7804D-4D8B-47DC-A954-2A7A3263D08B}.Debug|Any CPU.ActiveCfg = Debug|Any CPU
		{D9C7804D-4D8B-47DC-A954-2A7A3263D08B}.Debug|Any CPU.Build.0 = Debug|Any CPU
		{D9C7804D-4D8B-47DC-A954-2A7A3263D08B}.Release|Any CPU.ActiveCfg = Release|Any CPU
		{D9C7804D-4D8B-47DC-A954-2A7A3263D08B}.Release|Any CPU.Build.0 = Release|Any CPU
		{9CADD481-92C9-473E-9B75-833BBB658259}.Debug|Any CPU.ActiveCfg = Debug|Any CPU
		{9CADD481-92C9-473E-9B75-833BBB658259}.Debug|Any CPU.Build.0 = Debug|Any CPU
		{9CADD481-92C9-473E-9B75-833BBB658259}.Release|Any CPU.ActiveCfg = Release|Any CPU
		{9CADD481-92C9-473E-9B75-833BBB658259}.Release|Any CPU.Build.0 = Release|Any CPU
		{DC41E7D8-34CD-43DC-8BB4-3D8080039519}.Debug|Any CPU.ActiveCfg = Debug|Any CPU
		{DC41E7D8-34CD-43DC-8BB4-3D8080039519}.Debug|Any CPU.Build.0 = Debug|Any CPU
		{DC41E7D8-34CD-43DC-8BB4-3D8080039519}.Release|Any CPU.ActiveCfg = Release|Any CPU
		{DC41E7D8-34CD-43DC-8BB4-3D8080039519}.Release|Any CPU.Build.0 = Release|Any CPU
		{8D80C722-D082-4E9C-9E68-B8880238296A}.Debug|Any CPU.ActiveCfg = Debug|Any CPU
		{8D80C722-D082-4E9C-9E68-B8880238296A}.Debug|Any CPU.Build.0 = Debug|Any CPU
		{8D80C722-D082-4E9C-9E68-B8880238296A}.Release|Any CPU.ActiveCfg = Release|Any CPU
		{8D80C722-D082-4E9C-9E68-B8880238296A}.Release|Any CPU.Build.0 = Release|Any CPU
		{E25F0544-9599-46DF-97DE-9D3B3972D13D}.Debug|Any CPU.ActiveCfg = Debug|Any CPU
		{E25F0544-9599-46DF-97DE-9D3B3972D13D}.Debug|Any CPU.Build.0 = Debug|Any CPU
		{E25F0544-9599-46DF-97DE-9D3B3972D13D}.Release|Any CPU.ActiveCfg = Release|Any CPU
		{E25F0544-9599-46DF-97DE-9D3B3972D13D}.Release|Any CPU.Build.0 = Release|Any CPU
		{FA4CC392-70AD-471C-8BC9-A7403C692D0E}.Debug|Any CPU.ActiveCfg = Debug|Any CPU
		{FA4CC392-70AD-471C-8BC9-A7403C692D0E}.Debug|Any CPU.Build.0 = Debug|Any CPU
		{FA4CC392-70AD-471C-8BC9-A7403C692D0E}.Release|Any CPU.ActiveCfg = Release|Any CPU
		{FA4CC392-70AD-471C-8BC9-A7403C692D0E}.Release|Any CPU.Build.0 = Release|Any CPU
		{7CB31D6D-132E-4A42-80E1-786585C2921A}.Debug|Any CPU.ActiveCfg = Debug|Any CPU
		{7CB31D6D-132E-4A42-80E1-786585C2921A}.Debug|Any CPU.Build.0 = Debug|Any CPU
		{7CB31D6D-132E-4A42-80E1-786585C2921A}.Release|Any CPU.ActiveCfg = Release|Any CPU
		{7CB31D6D-132E-4A42-80E1-786585C2921A}.Release|Any CPU.Build.0 = Release|Any CPU
		{091DA0FC-913C-450E-822E-FD217E977EBB}.Debug|Any CPU.ActiveCfg = Debug|Any CPU
		{091DA0FC-913C-450E-822E-FD217E977EBB}.Debug|Any CPU.Build.0 = Debug|Any CPU
		{091DA0FC-913C-450E-822E-FD217E977EBB}.Release|Any CPU.ActiveCfg = Release|Any CPU
		{091DA0FC-913C-450E-822E-FD217E977EBB}.Release|Any CPU.Build.0 = Release|Any CPU
		{9F829023-324E-4FBE-8A95-E36912BB8F7D}.Debug|Any CPU.ActiveCfg = Debug|Any CPU
		{9F829023-324E-4FBE-8A95-E36912BB8F7D}.Debug|Any CPU.Build.0 = Debug|Any CPU
		{9F829023-324E-4FBE-8A95-E36912BB8F7D}.Release|Any CPU.ActiveCfg = Release|Any CPU
		{9F829023-324E-4FBE-8A95-E36912BB8F7D}.Release|Any CPU.Build.0 = Release|Any CPU
		{2EC50672-4EE8-4A62-BF3C-F524B805DA03}.Debug|Any CPU.ActiveCfg = Debug|Any CPU
		{2EC50672-4EE8-4A62-BF3C-F524B805DA03}.Debug|Any CPU.Build.0 = Debug|Any CPU
		{2EC50672-4EE8-4A62-BF3C-F524B805DA03}.Release|Any CPU.ActiveCfg = Release|Any CPU
		{2EC50672-4EE8-4A62-BF3C-F524B805DA03}.Release|Any CPU.Build.0 = Release|Any CPU
		{164DBAE8-6E33-4F93-AD75-611F8DE0EF3A}.Debug|Any CPU.ActiveCfg = Debug|Any CPU
		{164DBAE8-6E33-4F93-AD75-611F8DE0EF3A}.Debug|Any CPU.Build.0 = Debug|Any CPU
		{164DBAE8-6E33-4F93-AD75-611F8DE0EF3A}.Release|Any CPU.ActiveCfg = Release|Any CPU
		{164DBAE8-6E33-4F93-AD75-611F8DE0EF3A}.Release|Any CPU.Build.0 = Release|Any CPU
	EndGlobalSection
EndGlobal
