
Microsoft Visual Studio Solution File, Format Version 12.00
Project("{FAE04EC0-301F-11D3-BF4B-00C04F79EFBC}") = "Aoc2019-Day01", "Aoc2019-Day01\Aoc2019-Day01.csproj", "{4268FC51-3FF8-4506-A2A8-2C600D0064AB}"
EndProject
Project("{FAE04EC0-301F-11D3-BF4B-00C04F79EFBC}") = "Aoc2019-Day02", "Aoc2019-Day02\Aoc2019-Day02.csproj", "{CC5B9620-5429-418A-B58E-9BFCF60F5D8E}"
EndProject
Project("{FAE04EC0-301F-11D3-BF4B-00C04F79EFBC}") = "Aoc2019-Day03", "Aoc2019-Day03\Aoc2019-Day03.csproj", "{B8BE5DB5-E3F6-4A31-ACAE-67E137D6A1F3}"
EndProject
Project("{FAE04EC0-301F-11D3-BF4B-00C04F79EFBC}") = "Aoc2019-Day04", "Aoc2019-Day04\Aoc2019-Day04.csproj", "{233CB7AA-20CC-4185-B300-F24A0199FEBB}"
EndProject
Project("{FAE04EC0-301F-11D3-BF4B-00C04F79EFBC}") = "Aoc2019-Day05", "Aoc2019-Day05\Aoc2019-Day05.csproj", "{1EC697AF-13C6-42EC-B25B-1382CF263C32}"
EndProject
Project("{FAE04EC0-301F-11D3-BF4B-00C04F79EFBC}") = "Aoc2019-Day06", "Aoc2019-Day06\Aoc2019-Day06.csproj", "{5AE4DE1A-91A1-43D4-BF0F-DCAB57296A73}"
EndProject
Project("{FAE04EC0-301F-11D3-BF4B-00C04F79EFBC}") = "Aoc2019-Day07", "Aoc2019-Day07\Aoc2019-Day07.csproj", "{DA3D3AE2-FB62-4E83-84C6-0F07A116818C}"
EndProject
Project("{FAE04EC0-301F-11D3-BF4B-00C04F79EFBC}") = "Aoc2019-Day08", "Aoc2019-Day08\Aoc2019-Day08.csproj", "{6FDE83D9-7D0C-43DD-92EA-AF475B2690BB}"
EndProject
Project("{FAE04EC0-301F-11D3-BF4B-00C04F79EFBC}") = "Aoc2019-Day09", "Aoc2019-Day09\Aoc2019-Day09.csproj", "{C0A52625-0DB0-413D-93E2-13CF2BEF03D5}"
EndProject
Project("{FAE04EC0-301F-11D3-BF4B-00C04F79EFBC}") = "Aoc2019-Day10", "Aoc2019-Day10\Aoc2019-Day10.csproj", "{0D8AAE64-5550-4F55-93F4-5B778D65D9F1}"
EndProject
Project("{FAE04EC0-301F-11D3-BF4B-00C04F79EFBC}") = "Aoc2019-Day11", "Aoc2019-Day11\Aoc2019-Day11.csproj", "{9DC79D53-6A22-4921-B7E4-B98AAD584F00}"
EndProject
Project("{FAE04EC0-301F-11D3-BF4B-00C04F79EFBC}") = "Aoc2019-Day12", "Aoc2019-Day12\Aoc2019-Day12.csproj", "{B51FEF7E-0690-4FB8-914D-83F5C407AE39}"
EndProject
Project("{FAE04EC0-301F-11D3-BF4B-00C04F79EFBC}") = "Aoc2019-Day13", "Aoc2019-Day13\Aoc2019-Day13.csproj", "{821343F2-424C-4E87-A6B7-05DF22A68B4E}"
EndProject
Project("{FAE04EC0-301F-11D3-BF4B-00C04F79EFBC}") = "Aoc2019-Day14", "Aoc2019-Day14\Aoc2019-Day14.csproj", "{7D4369FA-444D-4F30-92DD-DE46F86CF0F6}"
EndProject
Project("{FAE04EC0-301F-11D3-BF4B-00C04F79EFBC}") = "Aoc2019-Day15", "Aoc2019-Day15\Aoc2019-Day15.csproj", "{D9C7804D-4D8B-47DC-A954-2A7A3263D08B}"
EndProject
Global
	GlobalSection(SolutionConfigurationPlatforms) = preSolution
		Debug|Any CPU = Debug|Any CPU
		Release|Any CPU = Release|Any CPU
	EndGlobalSection
	GlobalSection(ProjectConfigurationPlatforms) = postSolution
		{4268FC51-3FF8-4506-A2A8-2C600D0064AB}.Debug|Any CPU.ActiveCfg = Debug|Any CPU
		{4268FC51-3FF8-4506-A2A8-2C600D0064AB}.Debug|Any CPU.Build.0 = Debug|Any CPU
		{4268FC51-3FF8-4506-A2A8-2C600D0064AB}.Release|Any CPU.ActiveCfg = Release|Any CPU
		{4268FC51-3FF8-4506-A2A8-2C600D0064AB}.Release|Any CPU.Build.0 = Release|Any CPU
		{CC5B9620-5429-418A-B58E-9BFCF60F5D8E}.Debug|Any CPU.ActiveCfg = Debug|Any CPU
		{CC5B9620-5429-418A-B58E-9BFCF60F5D8E}.Debug|Any CPU.Build.0 = Debug|Any CPU
		{CC5B9620-5429-418A-B58E-9BFCF60F5D8E}.Release|Any CPU.ActiveCfg = Release|Any CPU
		{CC5B9620-5429-418A-B58E-9BFCF60F5D8E}.Release|Any CPU.Build.0 = Release|Any CPU
		{B8BE5DB5-E3F6-4A31-ACAE-67E137D6A1F3}.Debug|Any CPU.ActiveCfg = Debug|Any CPU
		{B8BE5DB5-E3F6-4A31-ACAE-67E137D6A1F3}.Debug|Any CPU.Build.0 = Debug|Any CPU
		{B8BE5DB5-E3F6-4A31-ACAE-67E137D6A1F3}.Release|Any CPU.ActiveCfg = Release|Any CPU
		{B8BE5DB5-E3F6-4A31-ACAE-67E137D6A1F3}.Release|Any CPU.Build.0 = Release|Any CPU
		{233CB7AA-20CC-4185-B300-F24A0199FEBB}.Debug|Any CPU.ActiveCfg = Debug|Any CPU
		{233CB7AA-20CC-4185-B300-F24A0199FEBB}.Debug|Any CPU.Build.0 = Debug|Any CPU
		{233CB7AA-20CC-4185-B300-F24A0199FEBB}.Release|Any CPU.ActiveCfg = Release|Any CPU
		{233CB7AA-20CC-4185-B300-F24A0199FEBB}.Release|Any CPU.Build.0 = Release|Any CPU
		{1EC697AF-13C6-42EC-B25B-1382CF263C32}.Debug|Any CPU.ActiveCfg = Debug|Any CPU
		{1EC697AF-13C6-42EC-B25B-1382CF263C32}.Debug|Any CPU.Build.0 = Debug|Any CPU
		{1EC697AF-13C6-42EC-B25B-1382CF263C32}.Release|Any CPU.ActiveCfg = Release|Any CPU
		{1EC697AF-13C6-42EC-B25B-1382CF263C32}.Release|Any CPU.Build.0 = Release|Any CPU
		{5AE4DE1A-91A1-43D4-BF0F-DCAB57296A73}.Debug|Any CPU.ActiveCfg = Debug|Any CPU
		{5AE4DE1A-91A1-43D4-BF0F-DCAB57296A73}.Debug|Any CPU.Build.0 = Debug|Any CPU
		{5AE4DE1A-91A1-43D4-BF0F-DCAB57296A73}.Release|Any CPU.ActiveCfg = Release|Any CPU
		{5AE4DE1A-91A1-43D4-BF0F-DCAB57296A73}.Release|Any CPU.Build.0 = Release|Any CPU
		{DA3D3AE2-FB62-4E83-84C6-0F07A116818C}.Debug|Any CPU.ActiveCfg = Debug|Any CPU
		{DA3D3AE2-FB62-4E83-84C6-0F07A116818C}.Debug|Any CPU.Build.0 = Debug|Any CPU
		{DA3D3AE2-FB62-4E83-84C6-0F07A116818C}.Release|Any CPU.ActiveCfg = Release|Any CPU
		{DA3D3AE2-FB62-4E83-84C6-0F07A116818C}.Release|Any CPU.Build.0 = Release|Any CPU
		{6FDE83D9-7D0C-43DD-92EA-AF475B2690BB}.Debug|Any CPU.ActiveCfg = Debug|Any CPU
		{6FDE83D9-7D0C-43DD-92EA-AF475B2690BB}.Debug|Any CPU.Build.0 = Debug|Any CPU
		{6FDE83D9-7D0C-43DD-92EA-AF475B2690BB}.Release|Any CPU.ActiveCfg = Release|Any CPU
		{6FDE83D9-7D0C-43DD-92EA-AF475B2690BB}.Release|Any CPU.Build.0 = Release|Any CPU
		{C0A52625-0DB0-413D-93E2-13CF2BEF03D5}.Debug|Any CPU.ActiveCfg = Debug|Any CPU
		{C0A52625-0DB0-413D-93E2-13CF2BEF03D5}.Debug|Any CPU.Build.0 = Debug|Any CPU
		{C0A52625-0DB0-413D-93E2-13CF2BEF03D5}.Release|Any CPU.ActiveCfg = Release|Any CPU
		{C0A52625-0DB0-413D-93E2-13CF2BEF03D5}.Release|Any CPU.Build.0 = Release|Any CPU
		{0D8AAE64-5550-4F55-93F4-5B778D65D9F1}.Debug|Any CPU.ActiveCfg = Debug|Any CPU
		{0D8AAE64-5550-4F55-93F4-5B778D65D9F1}.Debug|Any CPU.Build.0 = Debug|Any CPU
		{0D8AAE64-5550-4F55-93F4-5B778D65D9F1}.Release|Any CPU.ActiveCfg = Release|Any CPU
		{0D8AAE64-5550-4F55-93F4-5B778D65D9F1}.Release|Any CPU.Build.0 = Release|Any CPU
		{9DC79D53-6A22-4921-B7E4-B98AAD584F00}.Debug|Any CPU.ActiveCfg = Debug|Any CPU
		{9DC79D53-6A22-4921-B7E4-B98AAD584F00}.Debug|Any CPU.Build.0 = Debug|Any CPU
		{9DC79D53-6A22-4921-B7E4-B98AAD584F00}.Release|Any CPU.ActiveCfg = Release|Any CPU
		{9DC79D53-6A22-4921-B7E4-B98AAD584F00}.Release|Any CPU.Build.0 = Release|Any CPU
		{B51FEF7E-0690-4FB8-914D-83F5C407AE39}.Debug|Any CPU.ActiveCfg = Debug|Any CPU
		{B51FEF7E-0690-4FB8-914D-83F5C407AE39}.Debug|Any CPU.Build.0 = Debug|Any CPU
		{B51FEF7E-0690-4FB8-914D-83F5C407AE39}.Release|Any CPU.ActiveCfg = Release|Any CPU
		{B51FEF7E-0690-4FB8-914D-83F5C407AE39}.Release|Any CPU.Build.0 = Release|Any CPU
		{821343F2-424C-4E87-A6B7-05DF22A68B4E}.Debug|Any CPU.ActiveCfg = Debug|Any CPU
		{821343F2-424C-4E87-A6B7-05DF22A68B4E}.Debug|Any CPU.Build.0 = Debug|Any CPU
		{821343F2-424C-4E87-A6B7-05DF22A68B4E}.Release|Any CPU.ActiveCfg = Release|Any CPU
		{821343F2-424C-4E87-A6B7-05DF22A68B4E}.Release|Any CPU.Build.0 = Release|Any CPU
		{7D4369FA-444D-4F30-92DD-DE46F86CF0F6}.Debug|Any CPU.ActiveCfg = Debug|Any CPU
		{7D4369FA-444D-4F30-92DD-DE46F86CF0F6}.Debug|Any CPU.Build.0 = Debug|Any CPU
		{7D4369FA-444D-4F30-92DD-DE46F86CF0F6}.Release|Any CPU.ActiveCfg = Release|Any CPU
		{7D4369FA-444D-4F30-92DD-DE46F86CF0F6}.Release|Any CPU.Build.0 = Release|Any CPU
		{D9C7804D-4D8B-47DC-A954-2A7A3263D08B}.Debug|Any CPU.ActiveCfg = Debug|Any CPU
		{D9C7804D-4D8B-47DC-A954-2A7A3263D08B}.Debug|Any CPU.Build.0 = Debug|Any CPU
		{D9C7804D-4D8B-47DC-A954-2A7A3263D08B}.Release|Any CPU.ActiveCfg = Release|Any CPU
		{D9C7804D-4D8B-47DC-A954-2A7A3263D08B}.Release|Any CPU.Build.0 = Release|Any CPU
	EndGlobalSection
EndGlobal
